
Microsoft Visual Studio Solution File, Format Version 11.00
# Visual Studio 2010
Project("{FAE04EC0-301F-11D3-BF4B-00C04F79EFBC}") = "WindsorBTest", "WindsorBTest\WindsorBTest.csproj", "{8253E56C-D214-4466-B3D8-0A6E3BF4982C}"
EndProject
Project("{FAE04EC0-301F-11D3-BF4B-00C04F79EFBC}") = "WindsorBTest.Tests", "WindsorBTest.Tests\WindsorBTest.Tests.csproj", "{4FF01E3D-7C24-4EF5-83C1-CDF2745FA3AF}"
EndProject
Project("{FAE04EC0-301F-11D3-BF4B-00C04F79EFBC}") = "WindsorBTest.Common", "WindsorBTest.Common\WindsorBTest.Common.csproj", "{55D86EB1-1798-44E0-9DCC-B97531BFBDA6}"
EndProject
Project("{FAE04EC0-301F-11D3-BF4B-00C04F79EFBC}") = "WindsorBTest.Core.Web", "WindsorBTest.Core.Web\WindsorBTest.Core.Web.csproj", "{8097F33C-175B-4239-8E13-FA65F57A89A9}"
EndProject
Global
	GlobalSection(SolutionConfigurationPlatforms) = preSolution
		Debug|Any CPU = Debug|Any CPU
		Release|Any CPU = Release|Any CPU
	EndGlobalSection
	GlobalSection(ProjectConfigurationPlatforms) = postSolution
		{8253E56C-D214-4466-B3D8-0A6E3BF4982C}.Debug|Any CPU.ActiveCfg = Debug|Any CPU
		{8253E56C-D214-4466-B3D8-0A6E3BF4982C}.Debug|Any CPU.Build.0 = Debug|Any CPU
		{8253E56C-D214-4466-B3D8-0A6E3BF4982C}.Release|Any CPU.ActiveCfg = Release|Any CPU
		{8253E56C-D214-4466-B3D8-0A6E3BF4982C}.Release|Any CPU.Build.0 = Release|Any CPU
		{4FF01E3D-7C24-4EF5-83C1-CDF2745FA3AF}.Debug|Any CPU.ActiveCfg = Debug|Any CPU
		{4FF01E3D-7C24-4EF5-83C1-CDF2745FA3AF}.Debug|Any CPU.Build.0 = Debug|Any CPU
		{4FF01E3D-7C24-4EF5-83C1-CDF2745FA3AF}.Release|Any CPU.ActiveCfg = Release|Any CPU
		{4FF01E3D-7C24-4EF5-83C1-CDF2745FA3AF}.Release|Any CPU.Build.0 = Release|Any CPU
		{55D86EB1-1798-44E0-9DCC-B97531BFBDA6}.Debug|Any CPU.ActiveCfg = Debug|Any CPU
		{55D86EB1-1798-44E0-9DCC-B97531BFBDA6}.Debug|Any CPU.Build.0 = Debug|Any CPU
		{55D86EB1-1798-44E0-9DCC-B97531BFBDA6}.Release|Any CPU.ActiveCfg = Release|Any CPU
		{55D86EB1-1798-44E0-9DCC-B97531BFBDA6}.Release|Any CPU.Build.0 = Release|Any CPU
		{8097F33C-175B-4239-8E13-FA65F57A89A9}.Debug|Any CPU.ActiveCfg = Debug|Any CPU
		{8097F33C-175B-4239-8E13-FA65F57A89A9}.Debug|Any CPU.Build.0 = Debug|Any CPU
		{8097F33C-175B-4239-8E13-FA65F57A89A9}.Release|Any CPU.ActiveCfg = Release|Any CPU
		{8097F33C-175B-4239-8E13-FA65F57A89A9}.Release|Any CPU.Build.0 = Release|Any CPU
	EndGlobalSection
	GlobalSection(SolutionProperties) = preSolution
		HideSolutionNode = FALSE
	EndGlobalSection
EndGlobal
